
Microsoft Visual Studio Solution File, Format Version 12.00
# Visual Studio Version 16
VisualStudioVersion = 16.0.28803.202
MinimumVisualStudioVersion = 10.0.40219.1
Project("{FAE04EC0-301F-11D3-BF4B-00C04F79EFBC}") = "final-24May", "final-24May\final-24May.csproj", "{F80B9C56-94B3-45EE-BCBE-A57C2D667BC0}"
EndProject
Global
	GlobalSection(SolutionConfigurationPlatforms) = preSolution
		Debug|Any CPU = Debug|Any CPU
		Release|Any CPU = Release|Any CPU
	EndGlobalSection
	GlobalSection(ProjectConfigurationPlatforms) = postSolution
		{F80B9C56-94B3-45EE-BCBE-A57C2D667BC0}.Debug|Any CPU.ActiveCfg = Debug|Any CPU
		{F80B9C56-94B3-45EE-BCBE-A57C2D667BC0}.Debug|Any CPU.Build.0 = Debug|Any CPU
		{F80B9C56-94B3-45EE-BCBE-A57C2D667BC0}.Release|Any CPU.ActiveCfg = Release|Any CPU
		{F80B9C56-94B3-45EE-BCBE-A57C2D667BC0}.Release|Any CPU.Build.0 = Release|Any CPU
	EndGlobalSection
	GlobalSection(SolutionProperties) = preSolution
		HideSolutionNode = FALSE
	EndGlobalSection
	GlobalSection(ExtensibilityGlobals) = postSolution
		SolutionGuid = {3B3EECB1-F975-4E0B-95E2-56326EEFEC92}
	EndGlobalSection
EndGlobal
